
Microsoft Visual Studio Solution File, Format Version 12.00
# Visual Studio Version 16
VisualStudioVersion = 16.0.30621.155
MinimumVisualStudioVersion = 10.0.40219.1
Project("{FAE04EC0-301F-11D3-BF4B-00C04F79EFBC}") = "Exercício 11", "Exercício 11\Exercício 11.csproj", "{9B00B599-FAF2-4824-B7D1-682D19D6EDE9}"
EndProject
Global
	GlobalSection(SolutionConfigurationPlatforms) = preSolution
		Debug|Any CPU = Debug|Any CPU
		Release|Any CPU = Release|Any CPU
	EndGlobalSection
	GlobalSection(ProjectConfigurationPlatforms) = postSolution
		{9B00B599-FAF2-4824-B7D1-682D19D6EDE9}.Debug|Any CPU.ActiveCfg = Debug|Any CPU
		{9B00B599-FAF2-4824-B7D1-682D19D6EDE9}.Debug|Any CPU.Build.0 = Debug|Any CPU
		{9B00B599-FAF2-4824-B7D1-682D19D6EDE9}.Release|Any CPU.ActiveCfg = Release|Any CPU
		{9B00B599-FAF2-4824-B7D1-682D19D6EDE9}.Release|Any CPU.Build.0 = Release|Any CPU
	EndGlobalSection
	GlobalSection(SolutionProperties) = preSolution
		HideSolutionNode = FALSE
	EndGlobalSection
	GlobalSection(ExtensibilityGlobals) = postSolution
		SolutionGuid = {7C680F3B-D5AD-4A3D-8406-7FF4F0FD6B6A}
	EndGlobalSection
EndGlobal
